
Microsoft Visual Studio Solution File, Format Version 12.00
# Visual Studio Version 16
VisualStudioVersion = 16.0.29806.167
MinimumVisualStudioVersion = 10.0.40219.1
Project("{8BC9CEB8-8B4A-11D0-8D11-00A0C91BC942}") = "Proj_01", "Proj_01\Proj_01.vcxproj", "{929A482C-3200-4CD7-9B54-5530407CF1F4}"
	ProjectSection(ProjectDependencies) = postProject
		{DC0D5449-1C83-4752-A296-F09E46BFC79A} = {DC0D5449-1C83-4752-A296-F09E46BFC79A}
	EndProjectSection
EndProject
Project("{8BC9CEB8-8B4A-11D0-8D11-00A0C91BC942}") = "soloud", "soloud\soloud.vcxproj", "{DC0D5449-1C83-4752-A296-F09E46BFC79A}"
EndProject
Global
	GlobalSection(SolutionConfigurationPlatforms) = preSolution
		Debug|x64 = Debug|x64
		Debug|x86 = Debug|x86
		Release|x64 = Release|x64
		Release|x86 = Release|x86
	EndGlobalSection
	GlobalSection(ProjectConfigurationPlatforms) = postSolution
		{929A482C-3200-4CD7-9B54-5530407CF1F4}.Debug|x64.ActiveCfg = Debug|x64
		{929A482C-3200-4CD7-9B54-5530407CF1F4}.Debug|x64.Build.0 = Debug|x64
		{929A482C-3200-4CD7-9B54-5530407CF1F4}.Debug|x86.ActiveCfg = Debug|Win32
		{929A482C-3200-4CD7-9B54-5530407CF1F4}.Debug|x86.Build.0 = Debug|Win32
		{929A482C-3200-4CD7-9B54-5530407CF1F4}.Release|x64.ActiveCfg = Release|x64
		{929A482C-3200-4CD7-9B54-5530407CF1F4}.Release|x64.Build.0 = Release|x64
		{929A482C-3200-4CD7-9B54-5530407CF1F4}.Release|x86.ActiveCfg = Release|Win32
		{929A482C-3200-4CD7-9B54-5530407CF1F4}.Release|x86.Build.0 = Release|Win32
		{DC0D5449-1C83-4752-A296-F09E46BFC79A}.Debug|x64.ActiveCfg = Debug|x64
		{DC0D5449-1C83-4752-A296-F09E46BFC79A}.Debug|x64.Build.0 = Debug|x64
		{DC0D5449-1C83-4752-A296-F09E46BFC79A}.Debug|x86.ActiveCfg = Debug|Win32
		{DC0D5449-1C83-4752-A296-F09E46BFC79A}.Debug|x86.Build.0 = Debug|Win32
		{DC0D5449-1C83-4752-A296-F09E46BFC79A}.Release|x64.ActiveCfg = Release|x64
		{DC0D5449-1C83-4752-A296-F09E46BFC79A}.Release|x64.Build.0 = Release|x64
		{DC0D5449-1C83-4752-A296-F09E46BFC79A}.Release|x86.ActiveCfg = Release|Win32
		{DC0D5449-1C83-4752-A296-F09E46BFC79A}.Release|x86.Build.0 = Release|Win32
	EndGlobalSection
	GlobalSection(SolutionProperties) = preSolution
		HideSolutionNode = FALSE
	EndGlobalSection
	GlobalSection(ExtensibilityGlobals) = postSolution
		SolutionGuid = {84219DBE-1306-424F-9B58-60D3BB1915C2}
	EndGlobalSection
EndGlobal
