<?xml version="1.0" encoding="utf-8"?>
<Project ToolsVersion="4.0" xmlns="http://schemas.microsoft.com/developer/msbuild/2003">
  <ItemGroup>
    <Filter Include="소스 파일">
      <UniqueIdentifier>{4FC737F1-C7A5-4376-A066-2A32D752A2FF}</UniqueIdentifier>
      <Extensions>cpp;c;cc;cxx;c++;cppm;ixx;def;odl;idl;hpj;bat;asm;asmx</Extensions>
    </Filter>
    <Filter Include="헤더 파일">
      <UniqueIdentifier>{93995380-89BD-4b04-88EB-625FBE52EBFB}</UniqueIdentifier>
      <Extensions>h;hh;hpp;hxx;h++;hm;inl;inc;ipp;xsd</Extensions>
    </Filter>
    <Filter Include="리소스 파일">
      <UniqueIdentifier>{67DA6AB6-F800-4c08-8B7A-83BB121AAD01}</UniqueIdentifier>
      <Extensions>rc;ico;cur;bmp;dlg;rc2;rct;bin;rgs;gif;jpg;jpeg;jpe;resx;tiff;tif;png;wav;mfcribbon-ms</Extensions>
    </Filter>
  </ItemGroup>
  <ItemGroup>
    <ClInclude Include="include\soloud.h">
      <Filter>헤더 파일</Filter>
    </ClInclude>
    <ClInclude Include="include\soloud_audiosource.h">
      <Filter>헤더 파일</Filter>
    </ClInclude>
    <ClInclude Include="include\soloud_bassboostfilter.h">
      <Filter>헤더 파일</Filter>
    </ClInclude>
    <ClInclude Include="include\soloud_biquadresonantfilter.h">
      <Filter>헤더 파일</Filter>
    </ClInclude>
    <ClInclude Include="include\soloud_bus.h">
      <Filter>헤더 파일</Filter>
    </ClInclude>
    <ClInclude Include="include\soloud_c.h">
      <Filter>헤더 파일</Filter>
    </ClInclude>
    <ClInclude Include="include\soloud_dcremovalfilter.h">
      <Filter>헤더 파일</Filter>
    </ClInclude>
    <ClInclude Include="include\soloud_echofilter.h">
      <Filter>헤더 파일</Filter>
    </ClInclude>
    <ClInclude Include="include\soloud_error.h">
      <Filter>헤더 파일</Filter>
    </ClInclude>
    <ClInclude Include="include\soloud_fader.h">
      <Filter>헤더 파일</Filter>
    </ClInclude>
    <ClInclude Include="include\soloud_fft.h">
      <Filter>헤더 파일</Filter>
    </ClInclude>
    <ClInclude Include="include\soloud_fftfilter.h">
      <Filter>헤더 파일</Filter>
    </ClInclude>
    <ClInclude Include="include\soloud_file.h">
      <Filter>헤더 파일</Filter>
    </ClInclude>
    <ClInclude Include="include\soloud_file_hack_off.h">
      <Filter>헤더 파일</Filter>
    </ClInclude>
    <ClInclude Include="include\soloud_file_hack_on.h">
      <Filter>헤더 파일</Filter>
    </ClInclude>
    <ClInclude Include="include\soloud_filter.h">
      <Filter>헤더 파일</Filter>
    </ClInclude>
    <ClInclude Include="include\soloud_flangerfilter.h">
      <Filter>헤더 파일</Filter>
    </ClInclude>
    <ClInclude Include="include\soloud_freeverbfilter.h">
      <Filter>헤더 파일</Filter>
    </ClInclude>
    <ClInclude Include="include\soloud_internal.h">
      <Filter>헤더 파일</Filter>
    </ClInclude>
    <ClInclude Include="include\soloud_lofifilter.h">
      <Filter>헤더 파일</Filter>
    </ClInclude>
    <ClInclude Include="include\soloud_misc.h">
      <Filter>헤더 파일</Filter>
    </ClInclude>
    <ClInclude Include="include\soloud_monotone.h">
      <Filter>헤더 파일</Filter>
    </ClInclude>
    <ClInclude Include="include\soloud_noise.h">
      <Filter>헤더 파일</Filter>
    </ClInclude>
    <ClInclude Include="include\soloud_openmpt.h">
      <Filter>헤더 파일</Filter>
    </ClInclude>
    <ClInclude Include="include\soloud_queue.h">
      <Filter>헤더 파일</Filter>
    </ClInclude>
    <ClInclude Include="include\soloud_robotizefilter.h">
      <Filter>헤더 파일</Filter>
    </ClInclude>
    <ClInclude Include="include\soloud_sfxr.h">
      <Filter>헤더 파일</Filter>
    </ClInclude>
    <ClInclude Include="include\soloud_speech.h">
      <Filter>헤더 파일</Filter>
    </ClInclude>
    <ClInclude Include="include\soloud_tedsid.h">
      <Filter>헤더 파일</Filter>
    </ClInclude>
    <ClInclude Include="include\soloud_thread.h">
      <Filter>헤더 파일</Filter>
    </ClInclude>
    <ClInclude Include="include\soloud_vic.h">
      <Filter>헤더 파일</Filter>
    </ClInclude>
    <ClInclude Include="include\soloud_vizsn.h">
      <Filter>헤더 파일</Filter>
    </ClInclude>
    <ClInclude Include="include\soloud_wav.h">
      <Filter>헤더 파일</Filter>
    </ClInclude>
    <ClInclude Include="include\soloud_waveshaperfilter.h">
      <Filter>헤더 파일</Filter>
    </ClInclude>
    <ClInclude Include="include\soloud_wavstream.h">
      <Filter>헤더 파일</Filter>
    </ClInclude>
    <ClInclude Include="src\audiosource\speech\darray.h">
      <Filter>헤더 파일</Filter>
    </ClInclude>
    <ClInclude Include="src\audiosource\speech\klatt.h">
      <Filter>헤더 파일</Filter>
    </ClInclude>
    <ClInclude Include="src\audiosource\speech\resonator.h">
      <Filter>헤더 파일</Filter>
    </ClInclude>
    <ClInclude Include="src\audiosource\speech\tts.h">
      <Filter>헤더 파일</Filter>
    </ClInclude>
    <ClInclude Include="src\audiosource\tedsid\sid.h">
      <Filter>헤더 파일</Filter>
    </ClInclude>
    <ClInclude Include="src\audiosource\tedsid\ted.h">
      <Filter>헤더 파일</Filter>
    </ClInclude>
    <ClInclude Include="src\audiosource\wav\dr_flac.h">
      <Filter>헤더 파일</Filter>
    </ClInclude>
    <ClInclude Include="src\audiosource\wav\dr_mp3.h">
      <Filter>헤더 파일</Filter>
    </ClInclude>
    <ClInclude Include="src\audiosource\wav\dr_wav.h">
      <Filter>헤더 파일</Filter>
    </ClInclude>
    <ClInclude Include="src\audiosource\wav\stb_vorbis.h">
      <Filter>헤더 파일</Filter>
    </ClInclude>
    <ClInclude Include="src\backend\miniaudio\miniaudio.h">
      <Filter>헤더 파일</Filter>
    </ClInclude>
    <ClInclude Include="src\tools\resamplerlab\stb_image_write.h">
      <Filter>헤더 파일</Filter>
    </ClInclude>
    <ClInclude Include="src\tools\tedsid2dump\cbmtune.h">
      <Filter>헤더 파일</Filter>
    </ClInclude>
    <ClInclude Include="src\tools\tedsid2dump\cpu.h">
      <Filter>헤더 파일</Filter>
    </ClInclude>
    <ClInclude Include="src\tools\tedsid2dump\cpu7501asm.h">
      <Filter>헤더 파일</Filter>
    </ClInclude>
    <ClInclude Include="src\tools\tedsid2dump\mem.h">
      <Filter>헤더 파일</Filter>
    </ClInclude>
    <ClInclude Include="src\tools\tedsid2dump\psid.h">
      <Filter>헤더 파일</Filter>
    </ClInclude>
    <ClInclude Include="src\tools\tedsid2dump\roms.h">
      <Filter>헤더 파일</Filter>
    </ClInclude>
    <ClInclude Include="src\tools\tedsid2dump\sid.h">
      <Filter>헤더 파일</Filter>
    </ClInclude>
    <ClInclude Include="src\tools\tedsid2dump\tedmem.h">
      <Filter>헤더 파일</Filter>
    </ClInclude>
    <ClInclude Include="src\tools\tedsid2dump\tedplay.h">
      <Filter>헤더 파일</Filter>
    </ClInclude>
    <ClInclude Include="src\tools\tedsid2dump\types.h">
      <Filter>헤더 파일</Filter>
    </ClInclude>
  </ItemGroup>
  <ItemGroup>
    <ClCompile Include="src\audiosource\monotone\soloud_monotone.cpp">
      <Filter>소스 파일</Filter>
    </ClCompile>
    <ClCompile Include="src\audiosource\noise\soloud_noise.cpp">
      <Filter>소스 파일</Filter>
    </ClCompile>
    <ClCompile Include="src\audiosource\openmpt\soloud_openmpt.cpp">
      <Filter>소스 파일</Filter>
    </ClCompile>
    <ClCompile Include="src\audiosource\openmpt\soloud_openmpt_dll.c">
      <Filter>소스 파일</Filter>
    </ClCompile>
    <ClCompile Include="src\audiosource\sfxr\soloud_sfxr.cpp">
      <Filter>소스 파일</Filter>
    </ClCompile>
    <ClCompile Include="src\audiosource\speech\darray.cpp">
      <Filter>소스 파일</Filter>
    </ClCompile>
    <ClCompile Include="src\audiosource\speech\klatt.cpp">
      <Filter>소스 파일</Filter>
    </ClCompile>
    <ClCompile Include="src\audiosource\speech\resonator.cpp">
      <Filter>소스 파일</Filter>
    </ClCompile>
    <ClCompile Include="src\audiosource\speech\soloud_speech.cpp">
      <Filter>소스 파일</Filter>
    </ClCompile>
    <ClCompile Include="src\audiosource\speech\tts.cpp">
      <Filter>소스 파일</Filter>
    </ClCompile>
    <ClCompile Include="src\audiosource\tedsid\sid.cpp">
      <Filter>소스 파일</Filter>
    </ClCompile>
    <ClCompile Include="src\audiosource\tedsid\soloud_tedsid.cpp">
      <Filter>소스 파일</Filter>
    </ClCompile>
    <ClCompile Include="src\audiosource\tedsid\ted.cpp">
      <Filter>소스 파일</Filter>
    </ClCompile>
    <ClCompile Include="src\audiosource\vic\soloud_vic.cpp">
      <Filter>소스 파일</Filter>
    </ClCompile>
    <ClCompile Include="src\audiosource\vizsn\soloud_vizsn.cpp">
      <Filter>소스 파일</Filter>
    </ClCompile>
    <ClCompile Include="src\audiosource\wav\dr_impl.cpp">
      <Filter>소스 파일</Filter>
    </ClCompile>
    <ClCompile Include="src\audiosource\wav\soloud_wav.cpp">
      <Filter>소스 파일</Filter>
    </ClCompile>
    <ClCompile Include="src\audiosource\wav\soloud_wavstream.cpp">
      <Filter>소스 파일</Filter>
    </ClCompile>
    <ClCompile Include="src\audiosource\wav\stb_vorbis.c">
      <Filter>소스 파일</Filter>
    </ClCompile>
    <ClCompile Include="src\backend\alsa\soloud_alsa.cpp">
      <Filter>소스 파일</Filter>
    </ClCompile>
    <ClCompile Include="src\backend\coreaudio\soloud_coreaudio.cpp">
      <Filter>소스 파일</Filter>
    </ClCompile>
    <ClCompile Include="src\backend\jack\soloud_jack.cpp">
      <Filter>소스 파일</Filter>
    </ClCompile>
    <ClCompile Include="src\backend\miniaudio\soloud_miniaudio.cpp">
      <Filter>소스 파일</Filter>
    </ClCompile>
    <ClCompile Include="src\backend\nosound\soloud_nosound.cpp">
      <Filter>소스 파일</Filter>
    </ClCompile>
    <ClCompile Include="src\backend\null\soloud_null.cpp">
      <Filter>소스 파일</Filter>
    </ClCompile>
    <ClCompile Include="src\backend\openal\soloud_openal.cpp">
      <Filter>소스 파일</Filter>
    </ClCompile>
    <ClCompile Include="src\backend\openal\soloud_openal_dll.c">
      <Filter>소스 파일</Filter>
    </ClCompile>
    <ClCompile Include="src\backend\opensles\soloud_opensles.cpp">
      <Filter>소스 파일</Filter>
    </ClCompile>
    <ClCompile Include="src\backend\oss\soloud_oss.cpp">
      <Filter>소스 파일</Filter>
    </ClCompile>
    <ClCompile Include="src\backend\portaudio\soloud_portaudio.cpp">
      <Filter>소스 파일</Filter>
    </ClCompile>
    <ClCompile Include="src\backend\portaudio\soloud_portaudio_dll.c">
      <Filter>소스 파일</Filter>
    </ClCompile>
    <ClCompile Include="src\backend\sdl\soloud_sdl1.cpp">
      <Filter>소스 파일</Filter>
    </ClCompile>
    <ClCompile Include="src\backend\sdl\soloud_sdl1_dll.c">
      <Filter>소스 파일</Filter>
    </ClCompile>
    <ClCompile Include="src\backend\sdl\soloud_sdl2.cpp">
      <Filter>소스 파일</Filter>
    </ClCompile>
    <ClCompile Include="src\backend\sdl\soloud_sdl2_dll.c">
      <Filter>소스 파일</Filter>
    </ClCompile>
    <ClCompile Include="src\backend\sdl_static\soloud_sdl_static.cpp">
      <Filter>소스 파일</Filter>
    </ClCompile>
    <ClCompile Include="src\backend\sdl2_static\soloud_sdl2_static.cpp">
      <Filter>소스 파일</Filter>
    </ClCompile>
    <ClCompile Include="src\backend\wasapi\soloud_wasapi.cpp">
      <Filter>소스 파일</Filter>
    </ClCompile>
    <ClCompile Include="src\backend\winmm\soloud_winmm.cpp">
      <Filter>소스 파일</Filter>
    </ClCompile>
    <ClCompile Include="src\backend\xaudio2\soloud_xaudio2.cpp">
      <Filter>소스 파일</Filter>
    </ClCompile>
    <ClCompile Include="src\c_api\soloud_c.cpp">
      <Filter>소스 파일</Filter>
    </ClCompile>
    <ClCompile Include="src\core\soloud.cpp">
      <Filter>소스 파일</Filter>
    </ClCompile>
    <ClCompile Include="src\core\soloud_audiosource.cpp">
      <Filter>소스 파일</Filter>
    </ClCompile>
    <ClCompile Include="src\core\soloud_bus.cpp">
      <Filter>소스 파일</Filter>
    </ClCompile>
    <ClCompile Include="src\core\soloud_core_3d.cpp">
      <Filter>소스 파일</Filter>
    </ClCompile>
    <ClCompile Include="src\core\soloud_core_basicops.cpp">
      <Filter>소스 파일</Filter>
    </ClCompile>
    <ClCompile Include="src\core\soloud_core_faderops.cpp">
      <Filter>소스 파일</Filter>
    </ClCompile>
    <ClCompile Include="src\core\soloud_core_filterops.cpp">
      <Filter>소스 파일</Filter>
    </ClCompile>
    <ClCompile Include="src\core\soloud_core_getters.cpp">
      <Filter>소스 파일</Filter>
    </ClCompile>
    <ClCompile Include="src\core\soloud_core_setters.cpp">
      <Filter>소스 파일</Filter>
    </ClCompile>
    <ClCompile Include="src\core\soloud_core_voicegroup.cpp">
      <Filter>소스 파일</Filter>
    </ClCompile>
    <ClCompile Include="src\core\soloud_core_voiceops.cpp">
      <Filter>소스 파일</Filter>
    </ClCompile>
    <ClCompile Include="src\core\soloud_fader.cpp">
      <Filter>소스 파일</Filter>
    </ClCompile>
    <ClCompile Include="src\core\soloud_fft.cpp">
      <Filter>소스 파일</Filter>
    </ClCompile>
    <ClCompile Include="src\core\soloud_fft_lut.cpp">
      <Filter>소스 파일</Filter>
    </ClCompile>
    <ClCompile Include="src\core\soloud_file.cpp">
      <Filter>소스 파일</Filter>
    </ClCompile>
    <ClCompile Include="src\core\soloud_filter.cpp">
      <Filter>소스 파일</Filter>
    </ClCompile>
    <ClCompile Include="src\core\soloud_misc.cpp">
      <Filter>소스 파일</Filter>
    </ClCompile>
    <ClCompile Include="src\core\soloud_queue.cpp">
      <Filter>소스 파일</Filter>
    </ClCompile>
    <ClCompile Include="src\core\soloud_thread.cpp">
      <Filter>소스 파일</Filter>
    </ClCompile>
    <ClCompile Include="src\filter\soloud_bassboostfilter.cpp">
      <Filter>소스 파일</Filter>
    </ClCompile>
    <ClCompile Include="src\filter\soloud_biquadresonantfilter.cpp">
      <Filter>소스 파일</Filter>
    </ClCompile>
    <ClCompile Include="src\filter\soloud_dcremovalfilter.cpp">
      <Filter>소스 파일</Filter>
    </ClCompile>
    <ClCompile Include="src\filter\soloud_echofilter.cpp">
      <Filter>소스 파일</Filter>
    </ClCompile>
    <ClCompile Include="src\filter\soloud_fftfilter.cpp">
      <Filter>소스 파일</Filter>
    </ClCompile>
    <ClCompile Include="src\filter\soloud_flangerfilter.cpp">
      <Filter>소스 파일</Filter>
    </ClCompile>
    <ClCompile Include="src\filter\soloud_freeverbfilter.cpp">
      <Filter>소스 파일</Filter>
    </ClCompile>
    <ClCompile Include="src\filter\soloud_lofifilter.cpp">
      <Filter>소스 파일</Filter>
    </ClCompile>
    <ClCompile Include="src\filter\soloud_robotizefilter.cpp">
      <Filter>소스 파일</Filter>
    </ClCompile>
    <ClCompile Include="src\filter\soloud_waveshaperfilter.cpp">
      <Filter>소스 파일</Filter>
    </ClCompile>
    <ClCompile Include="src\tools\codegen\main.cpp">
      <Filter>소스 파일</Filter>
    </ClCompile>
    <ClCompile Include="src\tools\lutgen\main.cpp">
      <Filter>소스 파일</Filter>
    </ClCompile>
    <ClCompile Include="src\tools\resamplerlab\main.cpp">
      <Filter>소스 파일</Filter>
    </ClCompile>
    <ClCompile Include="src\tools\resamplerlab\stb_image_write.c">
      <Filter>소스 파일</Filter>
    </ClCompile>
    <ClCompile Include="src\tools\sanity\sanity.cpp">
      <Filter>소스 파일</Filter>
    </ClCompile>
    <ClCompile Include="src\tools\tedsid2dump\cbmtune.cpp">
      <Filter>소스 파일</Filter>
    </ClCompile>
    <ClCompile Include="src\tools\tedsid2dump\cpu.cpp">
      <Filter>소스 파일</Filter>
    </ClCompile>
    <ClCompile Include="src\tools\tedsid2dump\main.cpp">
      <Filter>소스 파일</Filter>
    </ClCompile>
    <ClCompile Include="src\tools\tedsid2dump\sid.cpp">
      <Filter>소스 파일</Filter>
    </ClCompile>
    <ClCompile Include="src\tools\tedsid2dump\tedmem.cpp">
      <Filter>소스 파일</Filter>
    </ClCompile>
    <ClCompile Include="src\tools\tedsid2dump\tedplay.cpp">
      <Filter>소스 파일</Filter>
    </ClCompile>
    <ClCompile Include="src\tools\tedsid2dump\tedsound.cpp">
      <Filter>소스 파일</Filter>
    </ClCompile>
  </ItemGroup>
  <ItemGroup>
    <None Include="src\audiosource\speech\Elements.def">
      <Filter>소스 파일</Filter>
    </None>
    <None Include="src\c_api\soloud.def">
      <Filter>소스 파일</Filter>
    </None>
  </ItemGroup>
  <ItemGroup>
    <Text Include="UsingSoLoud.txt" />
  </ItemGroup>
</Project>